Microsoft Visual Studio Solution File, Format Version 12.00
# Visual Studio 2012
Project("{FAE04EC0-301F-11D3-BF4B-00C04F79EFBC}") = "z1001-AiEcology", "z1001-AiEcology.csproj", "{331F69A8-1652-4F1C-A822-A0E169880407}"
EndProject
Global
	GlobalSection(SolutionConfigurationPlatforms) = preSolution
	Debug|Any CPU = Debug|Any CPU
	ExportDebug|Any CPU = ExportDebug|Any CPU
	ExportRelease|Any CPU = ExportRelease|Any CPU
	EndGlobalSection
	GlobalSection(ProjectConfigurationPlatforms) = postSolution
		{331F69A8-1652-4F1C-A822-A0E169880407}.Debug|Any CPU.ActiveCfg = Debug|Any CPU
		{331F69A8-1652-4F1C-A822-A0E169880407}.Debug|Any CPU.Build.0 = Debug|Any CPU
		{331F69A8-1652-4F1C-A822-A0E169880407}.ExportDebug|Any CPU.ActiveCfg = ExportDebug|Any CPU
		{331F69A8-1652-4F1C-A822-A0E169880407}.ExportDebug|Any CPU.Build.0 = ExportDebug|Any CPU
		{331F69A8-1652-4F1C-A822-A0E169880407}.ExportRelease|Any CPU.ActiveCfg = ExportRelease|Any CPU
		{331F69A8-1652-4F1C-A822-A0E169880407}.ExportRelease|Any CPU.Build.0 = ExportRelease|Any CPU
	EndGlobalSection
EndGlobal
